
Microsoft Visual Studio Solution File, Format Version 12.00
# Visual Studio Version 18
VisualStudioVersion = 18.0.11123.170
MinimumVisualStudioVersion = 10.0.40219.1
Project("{2150E333-8FDC-42A3-9474-1A3956D46DE8}") = "UserService", "UserService", "{02EA681E-C7D8-13C7-8484-4AC65E1B71E8}"
EndProject
Project("{FAE04EC0-301F-11D3-BF4B-00C04F79EFBC}") = "UserService.API", "UserService.API\UserService.API.csproj", "{564B4FDC-BF6A-43B8-A13B-B14251292B35}"
	ProjectSection(ProjectDependencies) = postProject
		{6CD539DD-B68C-443E-950C-DB55159A8836} = {6CD539DD-B68C-443E-950C-DB55159A8836}
		{EB708F2D-5856-41C1-A961-FB97D0D99E08} = {EB708F2D-5856-41C1-A961-FB97D0D99E08}
	EndProjectSection
EndProject
Project("{FAE04EC0-301F-11D3-BF4B-00C04F79EFBC}") = "UserService.Application", "UserService.Application\UserService.Application.csproj", "{EB708F2D-5856-41C1-A961-FB97D0D99E08}"
	ProjectSection(ProjectDependencies) = postProject
		{6CD539DD-B68C-443E-950C-DB55159A8836} = {6CD539DD-B68C-443E-950C-DB55159A8836}
		{752A07A2-7D25-4CBA-9F68-B62A7B120282} = {752A07A2-7D25-4CBA-9F68-B62A7B120282}
	EndProjectSection
EndProject
Project("{FAE04EC0-301F-11D3-BF4B-00C04F79EFBC}") = "UserService.Domain", "UserService.Domain\UserService.Domain.csproj", "{752A07A2-7D25-4CBA-9F68-B62A7B120282}"
EndProject
Project("{FAE04EC0-301F-11D3-BF4B-00C04F79EFBC}") = "UserService.Infrastructure", "UserService.Infrastructure\UserService.Infrastructure.csproj", "{6CD539DD-B68C-443E-950C-DB55159A8836}"
	ProjectSection(ProjectDependencies) = postProject
		{752A07A2-7D25-4CBA-9F68-B62A7B120282} = {752A07A2-7D25-4CBA-9F68-B62A7B120282}
	EndProjectSection
EndProject
Project("{FAE04EC0-301F-11D3-BF4B-00C04F79EFBC}") = "UserService.Tests", "UserService.Tests\UserService.Tests.csproj", "{4077B09C-99A1-4013-AEE6-EB8EBBF8DCD1}"
EndProject
Project("{2150E333-8FDC-42A3-9474-1A3956D46DE8}") = "ProductService", "ProductService", "{58ECDFB3-FA25-455F-B33E-1D5C78B70E3D}"
EndProject
Project("{FAE04EC0-301F-11D3-BF4B-00C04F79EFBC}") = "ProductService.Application", "ProductService.Application\ProductService.Application.csproj", "{EDA86A95-26B6-4E79-B396-020E59BB8AF8}"
EndProject
Project("{FAE04EC0-301F-11D3-BF4B-00C04F79EFBC}") = "ProductService.Domain", "ProductService.Domain\ProductService.Domain.csproj", "{0DA7DBFC-7FD3-4DF4-80E1-703FBD8B122E}"
EndProject
Project("{FAE04EC0-301F-11D3-BF4B-00C04F79EFBC}") = "ProductService.Infrastructure", "ProductService.Infrastructure\ProductService.Infrastructure.csproj", "{044A01F3-6E01-4883-9068-61E0A32BE429}"
EndProject
Project("{FAE04EC0-301F-11D3-BF4B-00C04F79EFBC}") = "ProductService.Tests", "ProductService.Tests\ProductService.Tests.csproj", "{1DA7F40C-CEAC-426E-BADF-D43A22083FD4}"
EndProject
Project("{FAE04EC0-301F-11D3-BF4B-00C04F79EFBC}") = "ProductService.API", "ProductService.API\ProductService.API.csproj", "{E2C14D0E-41D7-4A0B-AE08-803F1CD89525}"
EndProject
Project("{2150E333-8FDC-42A3-9474-1A3956D46DE8}") = "OrderService", "OrderService", "{216C1EBF-42E3-4190-8D61-885721D09168}"
EndProject
Project("{FAE04EC0-301F-11D3-BF4B-00C04F79EFBC}") = "OrderService.API", "OrderService.API\OrderService.API.csproj", "{C4DAA12A-CD2C-4D39-B8C3-2118B26A7F58}"
EndProject
Project("{FAE04EC0-301F-11D3-BF4B-00C04F79EFBC}") = "OrderService.Application", "OrderService.Application\OrderService.Application.csproj", "{6F61E3FA-6650-42F9-9775-587A95831525}"
EndProject
Project("{FAE04EC0-301F-11D3-BF4B-00C04F79EFBC}") = "OrderService.Contracts", "OrderService.Contracts\OrderService.Contracts.csproj", "{04108791-8ACA-415F-8153-54E16069C241}"
EndProject
Project("{FAE04EC0-301F-11D3-BF4B-00C04F79EFBC}") = "OrderService.Domain", "OrderService.Domain\OrderService.Domain.csproj", "{D401F0EF-FE37-4ED0-BF32-06570CCF78A0}"
EndProject
Project("{FAE04EC0-301F-11D3-BF4B-00C04F79EFBC}") = "OrderService.Infrastructure", "OrderService.Infrastructure\OrderService.Infrastructure.csproj", "{D6A607C2-87FC-4752-B6B3-BA6087C83C1C}"
EndProject
Project("{FAE04EC0-301F-11D3-BF4B-00C04F79EFBC}") = "OrderService.Tests", "OrderService.Tests\OrderService.Tests.csproj", "{547E43AC-C9B3-440D-ACA0-8459EF4A1B40}"
EndProject
Global
	GlobalSection(SolutionConfigurationPlatforms) = preSolution
		Debug|Any CPU = Debug|Any CPU
		Release|Any CPU = Release|Any CPU
	EndGlobalSection
	GlobalSection(ProjectConfigurationPlatforms) = postSolution
		{564B4FDC-BF6A-43B8-A13B-B14251292B35}.Debug|Any CPU.ActiveCfg = Debug|Any CPU
		{564B4FDC-BF6A-43B8-A13B-B14251292B35}.Debug|Any CPU.Build.0 = Debug|Any CPU
		{564B4FDC-BF6A-43B8-A13B-B14251292B35}.Release|Any CPU.ActiveCfg = Release|Any CPU
		{564B4FDC-BF6A-43B8-A13B-B14251292B35}.Release|Any CPU.Build.0 = Release|Any CPU
		{EB708F2D-5856-41C1-A961-FB97D0D99E08}.Debug|Any CPU.ActiveCfg = Debug|Any CPU
		{EB708F2D-5856-41C1-A961-FB97D0D99E08}.Debug|Any CPU.Build.0 = Debug|Any CPU
		{EB708F2D-5856-41C1-A961-FB97D0D99E08}.Release|Any CPU.ActiveCfg = Release|Any CPU
		{EB708F2D-5856-41C1-A961-FB97D0D99E08}.Release|Any CPU.Build.0 = Release|Any CPU
		{752A07A2-7D25-4CBA-9F68-B62A7B120282}.Debug|Any CPU.ActiveCfg = Debug|Any CPU
		{752A07A2-7D25-4CBA-9F68-B62A7B120282}.Debug|Any CPU.Build.0 = Debug|Any CPU
		{752A07A2-7D25-4CBA-9F68-B62A7B120282}.Release|Any CPU.ActiveCfg = Release|Any CPU
		{752A07A2-7D25-4CBA-9F68-B62A7B120282}.Release|Any CPU.Build.0 = Release|Any CPU
		{6CD539DD-B68C-443E-950C-DB55159A8836}.Debug|Any CPU.ActiveCfg = Debug|Any CPU
		{6CD539DD-B68C-443E-950C-DB55159A8836}.Debug|Any CPU.Build.0 = Debug|Any CPU
		{6CD539DD-B68C-443E-950C-DB55159A8836}.Release|Any CPU.ActiveCfg = Release|Any CPU
		{6CD539DD-B68C-443E-950C-DB55159A8836}.Release|Any CPU.Build.0 = Release|Any CPU
		{4077B09C-99A1-4013-AEE6-EB8EBBF8DCD1}.Debug|Any CPU.ActiveCfg = Debug|Any CPU
		{4077B09C-99A1-4013-AEE6-EB8EBBF8DCD1}.Debug|Any CPU.Build.0 = Debug|Any CPU
		{4077B09C-99A1-4013-AEE6-EB8EBBF8DCD1}.Release|Any CPU.ActiveCfg = Release|Any CPU
		{4077B09C-99A1-4013-AEE6-EB8EBBF8DCD1}.Release|Any CPU.Build.0 = Release|Any CPU
		{EDA86A95-26B6-4E79-B396-020E59BB8AF8}.Debug|Any CPU.ActiveCfg = Debug|Any CPU
		{EDA86A95-26B6-4E79-B396-020E59BB8AF8}.Debug|Any CPU.Build.0 = Debug|Any CPU
		{EDA86A95-26B6-4E79-B396-020E59BB8AF8}.Release|Any CPU.ActiveCfg = Release|Any CPU
		{EDA86A95-26B6-4E79-B396-020E59BB8AF8}.Release|Any CPU.Build.0 = Release|Any CPU
		{0DA7DBFC-7FD3-4DF4-80E1-703FBD8B122E}.Debug|Any CPU.ActiveCfg = Debug|Any CPU
		{0DA7DBFC-7FD3-4DF4-80E1-703FBD8B122E}.Debug|Any CPU.Build.0 = Debug|Any CPU
		{0DA7DBFC-7FD3-4DF4-80E1-703FBD8B122E}.Release|Any CPU.ActiveCfg = Release|Any CPU
		{0DA7DBFC-7FD3-4DF4-80E1-703FBD8B122E}.Release|Any CPU.Build.0 = Release|Any CPU
		{044A01F3-6E01-4883-9068-61E0A32BE429}.Debug|Any CPU.ActiveCfg = Debug|Any CPU
		{044A01F3-6E01-4883-9068-61E0A32BE429}.Debug|Any CPU.Build.0 = Debug|Any CPU
		{044A01F3-6E01-4883-9068-61E0A32BE429}.Release|Any CPU.ActiveCfg = Release|Any CPU
		{044A01F3-6E01-4883-9068-61E0A32BE429}.Release|Any CPU.Build.0 = Release|Any CPU
		{1DA7F40C-CEAC-426E-BADF-D43A22083FD4}.Debug|Any CPU.ActiveCfg = Debug|Any CPU
		{1DA7F40C-CEAC-426E-BADF-D43A22083FD4}.Debug|Any CPU.Build.0 = Debug|Any CPU
		{1DA7F40C-CEAC-426E-BADF-D43A22083FD4}.Release|Any CPU.ActiveCfg = Release|Any CPU
		{1DA7F40C-CEAC-426E-BADF-D43A22083FD4}.Release|Any CPU.Build.0 = Release|Any CPU
		{E2C14D0E-41D7-4A0B-AE08-803F1CD89525}.Debug|Any CPU.ActiveCfg = Debug|Any CPU
		{E2C14D0E-41D7-4A0B-AE08-803F1CD89525}.Debug|Any CPU.Build.0 = Debug|Any CPU
		{E2C14D0E-41D7-4A0B-AE08-803F1CD89525}.Release|Any CPU.ActiveCfg = Release|Any CPU
		{E2C14D0E-41D7-4A0B-AE08-803F1CD89525}.Release|Any CPU.Build.0 = Release|Any CPU
		{C4DAA12A-CD2C-4D39-B8C3-2118B26A7F58}.Debug|Any CPU.ActiveCfg = Debug|Any CPU
		{C4DAA12A-CD2C-4D39-B8C3-2118B26A7F58}.Debug|Any CPU.Build.0 = Debug|Any CPU
		{C4DAA12A-CD2C-4D39-B8C3-2118B26A7F58}.Release|Any CPU.ActiveCfg = Release|Any CPU
		{C4DAA12A-CD2C-4D39-B8C3-2118B26A7F58}.Release|Any CPU.Build.0 = Release|Any CPU
		{6F61E3FA-6650-42F9-9775-587A95831525}.Debug|Any CPU.ActiveCfg = Debug|Any CPU
		{6F61E3FA-6650-42F9-9775-587A95831525}.Debug|Any CPU.Build.0 = Debug|Any CPU
		{6F61E3FA-6650-42F9-9775-587A95831525}.Release|Any CPU.ActiveCfg = Release|Any CPU
		{6F61E3FA-6650-42F9-9775-587A95831525}.Release|Any CPU.Build.0 = Release|Any CPU
		{04108791-8ACA-415F-8153-54E16069C241}.Debug|Any CPU.ActiveCfg = Debug|Any CPU
		{04108791-8ACA-415F-8153-54E16069C241}.Debug|Any CPU.Build.0 = Debug|Any CPU
		{04108791-8ACA-415F-8153-54E16069C241}.Release|Any CPU.ActiveCfg = Release|Any CPU
		{04108791-8ACA-415F-8153-54E16069C241}.Release|Any CPU.Build.0 = Release|Any CPU
		{D401F0EF-FE37-4ED0-BF32-06570CCF78A0}.Debug|Any CPU.ActiveCfg = Debug|Any CPU
		{D401F0EF-FE37-4ED0-BF32-06570CCF78A0}.Debug|Any CPU.Build.0 = Debug|Any CPU
		{D401F0EF-FE37-4ED0-BF32-06570CCF78A0}.Release|Any CPU.ActiveCfg = Release|Any CPU
		{D401F0EF-FE37-4ED0-BF32-06570CCF78A0}.Release|Any CPU.Build.0 = Release|Any CPU
		{D6A607C2-87FC-4752-B6B3-BA6087C83C1C}.Debug|Any CPU.ActiveCfg = Debug|Any CPU
		{D6A607C2-87FC-4752-B6B3-BA6087C83C1C}.Debug|Any CPU.Build.0 = Debug|Any CPU
		{D6A607C2-87FC-4752-B6B3-BA6087C83C1C}.Release|Any CPU.ActiveCfg = Release|Any CPU
		{D6A607C2-87FC-4752-B6B3-BA6087C83C1C}.Release|Any CPU.Build.0 = Release|Any CPU
		{547E43AC-C9B3-440D-ACA0-8459EF4A1B40}.Debug|Any CPU.ActiveCfg = Debug|Any CPU
		{547E43AC-C9B3-440D-ACA0-8459EF4A1B40}.Debug|Any CPU.Build.0 = Debug|Any CPU
		{547E43AC-C9B3-440D-ACA0-8459EF4A1B40}.Release|Any CPU.ActiveCfg = Release|Any CPU
		{547E43AC-C9B3-440D-ACA0-8459EF4A1B40}.Release|Any CPU.Build.0 = Release|Any CPU
	EndGlobalSection
	GlobalSection(SolutionProperties) = preSolution
		HideSolutionNode = FALSE
	EndGlobalSection
	GlobalSection(NestedProjects) = preSolution
		{564B4FDC-BF6A-43B8-A13B-B14251292B35} = {02EA681E-C7D8-13C7-8484-4AC65E1B71E8}
		{EB708F2D-5856-41C1-A961-FB97D0D99E08} = {02EA681E-C7D8-13C7-8484-4AC65E1B71E8}
		{752A07A2-7D25-4CBA-9F68-B62A7B120282} = {02EA681E-C7D8-13C7-8484-4AC65E1B71E8}
		{6CD539DD-B68C-443E-950C-DB55159A8836} = {02EA681E-C7D8-13C7-8484-4AC65E1B71E8}
		{4077B09C-99A1-4013-AEE6-EB8EBBF8DCD1} = {02EA681E-C7D8-13C7-8484-4AC65E1B71E8}
		{EDA86A95-26B6-4E79-B396-020E59BB8AF8} = {58ECDFB3-FA25-455F-B33E-1D5C78B70E3D}
		{0DA7DBFC-7FD3-4DF4-80E1-703FBD8B122E} = {58ECDFB3-FA25-455F-B33E-1D5C78B70E3D}
		{044A01F3-6E01-4883-9068-61E0A32BE429} = {58ECDFB3-FA25-455F-B33E-1D5C78B70E3D}
		{1DA7F40C-CEAC-426E-BADF-D43A22083FD4} = {58ECDFB3-FA25-455F-B33E-1D5C78B70E3D}
		{E2C14D0E-41D7-4A0B-AE08-803F1CD89525} = {58ECDFB3-FA25-455F-B33E-1D5C78B70E3D}
		{C4DAA12A-CD2C-4D39-B8C3-2118B26A7F58} = {216C1EBF-42E3-4190-8D61-885721D09168}
		{6F61E3FA-6650-42F9-9775-587A95831525} = {216C1EBF-42E3-4190-8D61-885721D09168}
		{04108791-8ACA-415F-8153-54E16069C241} = {216C1EBF-42E3-4190-8D61-885721D09168}
		{D401F0EF-FE37-4ED0-BF32-06570CCF78A0} = {216C1EBF-42E3-4190-8D61-885721D09168}
		{D6A607C2-87FC-4752-B6B3-BA6087C83C1C} = {216C1EBF-42E3-4190-8D61-885721D09168}
		{547E43AC-C9B3-440D-ACA0-8459EF4A1B40} = {216C1EBF-42E3-4190-8D61-885721D09168}
	EndGlobalSection
	GlobalSection(ExtensibilityGlobals) = postSolution
		SolutionGuid = {A8961793-22AD-4D66-A2E6-6CA4365EF806}
	EndGlobalSection
EndGlobal
